
Microsoft Visual Studio Solution File, Format Version 12.00
# Visual Studio 15
VisualStudioVersion = 15.0.28307.1209
MinimumVisualStudioVersion = 10.0.40219.1
Project("{FAE04EC0-301F-11D3-BF4B-00C04F79EFBC}") = "Mestre", "Mestre\Mestre.csproj", "{7B01D1EA-8F8B-43B4-8B18-CDFB96302EB4}"
EndProject
Global
	GlobalSection(SolutionConfigurationPlatforms) = preSolution
		Debug|Any CPU = Debug|Any CPU
		Release|Any CPU = Release|Any CPU
	EndGlobalSection
	GlobalSection(ProjectConfigurationPlatforms) = postSolution
		{7B01D1EA-8F8B-43B4-8B18-CDFB96302EB4}.Debug|Any CPU.ActiveCfg = Debug|Any CPU
		{7B01D1EA-8F8B-43B4-8B18-CDFB96302EB4}.Debug|Any CPU.Build.0 = Debug|Any CPU
		{7B01D1EA-8F8B-43B4-8B18-CDFB96302EB4}.Release|Any CPU.ActiveCfg = Release|Any CPU
		{7B01D1EA-8F8B-43B4-8B18-CDFB96302EB4}.Release|Any CPU.Build.0 = Release|Any CPU
	EndGlobalSection
	GlobalSection(SolutionProperties) = preSolution
		HideSolutionNode = FALSE
	EndGlobalSection
	GlobalSection(ExtensibilityGlobals) = postSolution
		SolutionGuid = {E304B5C0-6B55-4517-BD62-2DC50B80BB77}
	EndGlobalSection
EndGlobal
